
Microsoft Visual Studio Solution File, Format Version 12.00
# Visual Studio Version 16
VisualStudioVersion = 16.0.29920.165
MinimumVisualStudioVersion = 10.0.40219.1
Project("{FAE04EC0-301F-11D3-BF4B-00C04F79EFBC}") = "NUnitTest_Selenium", "NUnitTest_Selenium\NUnitTest_Selenium.csproj", "{692BD898-BCAE-4880-993E-297F41DBF79C}"
EndProject
Global
	GlobalSection(SolutionConfigurationPlatforms) = preSolution
		Debug|Any CPU = Debug|Any CPU
		Release|Any CPU = Release|Any CPU
	EndGlobalSection
	GlobalSection(ProjectConfigurationPlatforms) = postSolution
		{692BD898-BCAE-4880-993E-297F41DBF79C}.Debug|Any CPU.ActiveCfg = Debug|Any CPU
		{692BD898-BCAE-4880-993E-297F41DBF79C}.Debug|Any CPU.Build.0 = Debug|Any CPU
		{692BD898-BCAE-4880-993E-297F41DBF79C}.Release|Any CPU.ActiveCfg = Release|Any CPU
		{692BD898-BCAE-4880-993E-297F41DBF79C}.Release|Any CPU.Build.0 = Release|Any CPU
	EndGlobalSection
	GlobalSection(SolutionProperties) = preSolution
		HideSolutionNode = FALSE
	EndGlobalSection
	GlobalSection(ExtensibilityGlobals) = postSolution
		SolutionGuid = {11081B22-7985-41CA-93E5-3AEA3D547427}
	EndGlobalSection
EndGlobal
